<?xml version="1.0" encoding="UTF-8" standalone="yes" ?>
<CodeBlocks_project_file>
	<FileVersion major="1" minor="6" />
	<Project>
		<Option title="ODFAEG" />
		<Option pch_mode="2" />
		<Option compiler="gcc" />
		<Build>
			<Target title="Debug">
				<Option output="SFGL" prefix_auto="1" extension_auto="1" />
				<Option working_dir="" />
				<Option object_output="obj/Debug/" />
				<Option type="2" />
				<Option compiler="gcc" />
				<Option createDefFile="1" />
				<Compiler>
					<Add option="-Wall" />
					<Add option="-pg" />
					<Add option="-g" />
				</Compiler>
				<Linker>
					<Add option="-pg" />
					<Add option="-pg -lgmon" />
				</Linker>
			</Target>
			<Target title="Release">
				<Option output="SFGL" prefix_auto="1" extension_auto="1" />
				<Option working_dir="" />
				<Option object_output="obj/Release/" />
				<Option type="2" />
				<Option compiler="gcc" />
				<Option createDefFile="1" />
				<Compiler>
					<Add option="-O3" />
					<Add option="-Wall" />
				</Compiler>
				<Linker>
					<Add option="-s" />
				</Linker>
			</Target>
		</Build>
		<Compiler>
			<Add option="-Os" />
			<Add option="-O3" />
			<Add option="-std=c++11" />
			<Add option="-pg" />
			<Add option="-std=c++14" />
			<Add directory="../../../../../usr/include/openssl" />
			<Add directory="../../../../../usr/include/freetype2" />
			<Add directory="../../../../../usr/include/AL" />
			<Add directory="../../../../../usr/include/SFML" />
			<Add directory="/home/laurent/Développement/Projets-c++/ODFAEG/include" />
		</Compiler>
		<Linker>
			<Add option="-pg" />
			<Add option="-pg -lgmon" />
			<Add library="extlibs/libs-mingw/x86/libsfml-audio.a" />
			<Add library="extlibs/libs-mingw/x86/libsfml-graphics.a" />
			<Add library="extlibs/libs-mingw/x86/libsfml-network.a" />
			<Add library="extlibs/libs-mingw/x86/libsfml-system.a" />
			<Add library="extlibs/libs-mingw/x86/libsfml-window.a" />
			<Add directory="extlibs/libs-mingw/x86" />
			<Add directory="C:/OpenSSL/lib" />
		</Linker>
		<Unit filename="include/odfaeg/Audio/audio.hpp" />
		<Unit filename="include/odfaeg/Audio/export.hpp" />
		<Unit filename="include/odfaeg/Audio/player.h" />
		<Unit filename="include/odfaeg/Audio/stream.h" />
		<Unit filename="include/odfaeg/Core/action.h" />
		<Unit filename="include/odfaeg/Core/any.h" />
		<Unit filename="include/odfaeg/Core/application.h" />
		<Unit filename="include/odfaeg/Core/archive.h" />
		<Unit filename="include/odfaeg/Core/clock.h" />
		<Unit filename="include/odfaeg/Core/command.h" />
		<Unit filename="include/odfaeg/Core/command.tpp" />
		<Unit filename="include/odfaeg/Core/entitySystem.h" />
		<Unit filename="include/odfaeg/Core/erreur.h" />
		<Unit filename="include/odfaeg/Core/export.hpp" />
		<Unit filename="include/odfaeg/Core/factory.cpp" />
		<Unit filename="include/odfaeg/Core/factory.h" />
		<Unit filename="include/odfaeg/Core/fastDelegate.h" />
		<Unit filename="include/odfaeg/Core/listener.h" />
		<Unit filename="include/odfaeg/Core/mpl.h" />
		<Unit filename="include/odfaeg/Core/multdispvisitors.hpp" />
		<Unit filename="include/odfaeg/Core/resourceCache.h" />
		<Unit filename="include/odfaeg/Core/resourceManager.h" />
		<Unit filename="include/odfaeg/Core/serialization.h" />
		<Unit filename="include/odfaeg/Core/singleton.h" />
		<Unit filename="include/odfaeg/Core/state.h" />
		<Unit filename="include/odfaeg/Core/stateExecutor.h" />
		<Unit filename="include/odfaeg/Core/stateGroup.h" />
		<Unit filename="include/odfaeg/Core/stateManager.h" />
		<Unit filename="include/odfaeg/Core/stateParameter.h" />
		<Unit filename="include/odfaeg/Core/stateParameterBase.h" />
		<Unit filename="include/odfaeg/Core/stateStack.h" />
		<Unit filename="include/odfaeg/Core/time.h" />
		<Unit filename="include/odfaeg/Core/timer.h" />
		<Unit filename="include/odfaeg/Core/utilities.h" />
		<Unit filename="include/odfaeg/Core/variant.h" />
		<Unit filename="include/odfaeg/Graphics/2D/ambientLight.h" />
		<Unit filename="include/odfaeg/Graphics/2D/decor.h" />
		<Unit filename="include/odfaeg/Graphics/2D/directionnalLight.h" />
		<Unit filename="include/odfaeg/Graphics/2D/ponctualLight.h" />
		<Unit filename="include/odfaeg/Graphics/2D/shadowTile.h" />
		<Unit filename="include/odfaeg/Graphics/2D/shadowWall.h" />
		<Unit filename="include/odfaeg/Graphics/2D/wall.h" />
		<Unit filename="include/odfaeg/Graphics/3D/cube.h" />
		<Unit filename="include/odfaeg/Graphics/GUI/actionListener.hpp" />
		<Unit filename="include/odfaeg/Graphics/GUI/button.hpp" />
		<Unit filename="include/odfaeg/Graphics/GUI/focusListener.hpp" />
		<Unit filename="include/odfaeg/Graphics/GUI/menuItem.hpp" />
		<Unit filename="include/odfaeg/Graphics/GUI/optionPane.hpp" />
		<Unit filename="include/odfaeg/Graphics/GUI/textArea.hpp" />
		<Unit filename="include/odfaeg/Graphics/anim.h" />
		<Unit filename="include/odfaeg/Graphics/animatedEntity.h" />
		<Unit filename="include/odfaeg/Graphics/animationUpdater.h" />
		<Unit filename="include/odfaeg/Graphics/baseChangementMatrix.h" />
		<Unit filename="include/odfaeg/Graphics/batcher.h" />
		<Unit filename="include/odfaeg/Graphics/billBoard.h" />
		<Unit filename="include/odfaeg/Graphics/cellMap.h" />
		<Unit filename="include/odfaeg/Graphics/circleShape.h" />
		<Unit filename="include/odfaeg/Graphics/component.h" />
		<Unit filename="include/odfaeg/Graphics/convexShape.h" />
		<Unit filename="include/odfaeg/Graphics/cpuRenderComponent.hpp" />
		<Unit filename="include/odfaeg/Graphics/drawable.h" />
		<Unit filename="include/odfaeg/Graphics/entitiesUpdater.h" />
		<Unit filename="include/odfaeg/Graphics/entity.h" />
		<Unit filename="include/odfaeg/Graphics/entityLight.h" />
		<Unit filename="include/odfaeg/Graphics/entityManager.h" />
		<Unit filename="include/odfaeg/Graphics/export.hpp" />
		<Unit filename="include/odfaeg/Graphics/fastRenderComponent.h" />
		<Unit filename="include/odfaeg/Graphics/fastRenderComponentManager.h" />
		<Unit filename="include/odfaeg/Graphics/font.h" />
		<Unit filename="include/odfaeg/Graphics/gridMap.h" />
		<Unit filename="include/odfaeg/Graphics/heavyComponent.h" />
		<Unit filename="include/odfaeg/Graphics/light.h" />
		<Unit filename="include/odfaeg/Graphics/lightComponent.h" />
		<Unit filename="include/odfaeg/Graphics/map.h" />
		<Unit filename="include/odfaeg/Graphics/model.h" />
		<Unit filename="include/odfaeg/Graphics/projMatrix.h" />
		<Unit filename="include/odfaeg/Graphics/rectangleShape.h" />
		<Unit filename="include/odfaeg/Graphics/renderStates.h" />
		<Unit filename="include/odfaeg/Graphics/renderTarget.h" />
		<Unit filename="include/odfaeg/Graphics/renderTexture.h" />
		<Unit filename="include/odfaeg/Graphics/renderWindow.h" />
		<Unit filename="include/odfaeg/Graphics/sdlRenderWindow.hpp" />
		<Unit filename="include/odfaeg/Graphics/selectable.h" />
		<Unit filename="include/odfaeg/Graphics/shader.h" />
		<Unit filename="include/odfaeg/Graphics/shadow.h" />
		<Unit filename="include/odfaeg/Graphics/shape.h" />
		<Unit filename="include/odfaeg/Graphics/sprite.h" />
		<Unit filename="include/odfaeg/Graphics/tGround.h" />
		<Unit filename="include/odfaeg/Graphics/text.h" />
		<Unit filename="include/odfaeg/Graphics/texture.h" />
		<Unit filename="include/odfaeg/Graphics/tile.h" />
		<Unit filename="include/odfaeg/Graphics/transformMatrix.h" />
		<Unit filename="include/odfaeg/Graphics/transformable.h" />
		<Unit filename="include/odfaeg/Graphics/vbo.h" />
		<Unit filename="include/odfaeg/Graphics/vertex.h" />
		<Unit filename="include/odfaeg/Graphics/vertexArray.h" />
		<Unit filename="include/odfaeg/Graphics/view.h" />
		<Unit filename="include/odfaeg/Graphics/viewMatrix.h" />
		<Unit filename="include/odfaeg/Graphics/viewportMatrix.h" />
		<Unit filename="include/odfaeg/Graphics/world.h" />
		<Unit filename="include/odfaeg/Math/computer.h" />
		<Unit filename="include/odfaeg/Math/distribution.h" />
		<Unit filename="include/odfaeg/Math/distributions.h" />
		<Unit filename="include/odfaeg/Math/maths.h" />
		<Unit filename="include/odfaeg/Math/matrix2.h" />
		<Unit filename="include/odfaeg/Math/matrix3.h" />
		<Unit filename="include/odfaeg/Math/matrix4.h" />
		<Unit filename="include/odfaeg/Math/plane.h" />
		<Unit filename="include/odfaeg/Math/ray.h" />
		<Unit filename="include/odfaeg/Math/segment.h" />
		<Unit filename="include/odfaeg/Math/transformMatrix.h" />
		<Unit filename="include/odfaeg/Math/triangle.h" />
		<Unit filename="include/odfaeg/Math/vec2f.h" />
		<Unit filename="include/odfaeg/Math/vec4.h" />
		<Unit filename="include/odfaeg/Network/aes.h" />
		<Unit filename="include/odfaeg/Network/bigInt.hpp" />
		<Unit filename="include/odfaeg/Network/client.h" />
		<Unit filename="include/odfaeg/Network/encryptedPacket.h" />
		<Unit filename="include/odfaeg/Network/network.h" />
		<Unit filename="include/odfaeg/Network/rsa.h" />
		<Unit filename="include/odfaeg/Network/srkserveur.h" />
		<Unit filename="include/odfaeg/Network/symEnc.h" />
		<Unit filename="include/odfaeg/Network/symEncPacket.h" />
		<Unit filename="include/odfaeg/Network/user.h" />
		<Unit filename="include/odfaeg/Physics/affector.h" />
		<Unit filename="include/odfaeg/Physics/boundingBox.h" />
		<Unit filename="include/odfaeg/Physics/boundingEllipsoid.h" />
		<Unit filename="include/odfaeg/Physics/boundingPolyhedron.h" />
		<Unit filename="include/odfaeg/Physics/boundingSphere.h" />
		<Unit filename="include/odfaeg/Physics/boundingVolume.h" />
		<Unit filename="include/odfaeg/Physics/collisionResultSet.hpp" />
		<Unit filename="include/odfaeg/Physics/emissionInterface.h" />
		<Unit filename="include/odfaeg/Physics/emmiters.h" />
		<Unit filename="include/odfaeg/Physics/orientedBoundingBox.h" />
		<Unit filename="include/odfaeg/Physics/particule.h" />
		<Unit filename="include/odfaeg/Physics/particuleSystem.h" />
		<Unit filename="include/odfaeg/Window/iEvent.hpp" />
		<Unit filename="include/odfaeg/Window/iWindow.hpp" />
		<Unit filename="include/odfaeg/Window/sdlWindow.hpp" />
		<Unit filename="include/odfaeg/Window/sdlWindowImpl.hpp" />
		<Unit filename="include/odfaeg/Window/sfmlWindowImpl.hpp" />
		<Unit filename="include/odfaeg/Window/x11Window.hpp" />
		<Unit filename="include/odfaeg/config.hpp" />
		<Unit filename="src/odfaeg/Audio/ALCheck.cpp" />
		<Unit filename="src/odfaeg/Audio/ALCheck.hpp" />
		<Unit filename="src/odfaeg/Audio/AudioDevice.cpp" />
		<Unit filename="src/odfaeg/Audio/AudioDevice.hpp" />
		<Unit filename="src/odfaeg/Audio/SoundFile.cpp" />
		<Unit filename="src/odfaeg/Audio/SoundFile.hpp" />
		<Unit filename="src/odfaeg/Audio/player.cpp" />
		<Unit filename="src/odfaeg/Audio/stream.cpp" />
		<Unit filename="src/odfaeg/Core/actions.cpp" />
		<Unit filename="src/odfaeg/Core/application.cpp" />
		<Unit filename="src/odfaeg/Core/clock.cpp" />
		<Unit filename="src/odfaeg/Core/command.cpp" />
		<Unit filename="src/odfaeg/Core/entitySystem.cpp" />
		<Unit filename="src/odfaeg/Core/erreur.cpp" />
		<Unit filename="src/odfaeg/Core/state.cpp" />
		<Unit filename="src/odfaeg/Core/stateGroup.cpp" />
		<Unit filename="src/odfaeg/Core/stateStack.cpp" />
		<Unit filename="src/odfaeg/Core/time.cpp" />
		<Unit filename="src/odfaeg/Core/utilities.cpp" />
		<Unit filename="src/odfaeg/Graphics/2D/ambientLight.cpp" />
		<Unit filename="src/odfaeg/Graphics/2D/decor.cpp" />
		<Unit filename="src/odfaeg/Graphics/2D/directionnalLight.cpp" />
		<Unit filename="src/odfaeg/Graphics/2D/ponctualLight.cpp" />
		<Unit filename="src/odfaeg/Graphics/2D/shadowTile.cpp" />
		<Unit filename="src/odfaeg/Graphics/2D/shadowWall.cpp" />
		<Unit filename="src/odfaeg/Graphics/2D/wall.cpp" />
		<Unit filename="src/odfaeg/Graphics/3D/cube.cpp" />
		<Unit filename="src/odfaeg/Graphics/GUI/button.cpp" />
		<Unit filename="src/odfaeg/Graphics/GUI/menuItem.cpp" />
		<Unit filename="src/odfaeg/Graphics/GUI/optionPane.cpp" />
		<Unit filename="src/odfaeg/Graphics/GUI/textArea.cpp" />
		<Unit filename="src/odfaeg/Graphics/GlDebug.cpp" />
		<Unit filename="src/odfaeg/Graphics/GlDebug.hpp" />
		<Unit filename="src/odfaeg/Graphics/animation.cpp" />
		<Unit filename="src/odfaeg/Graphics/baseChangementMatrix.cpp" />
		<Unit filename="src/odfaeg/Graphics/batcher.cpp" />
		<Unit filename="src/odfaeg/Graphics/billBoard.cpp" />
		<Unit filename="src/odfaeg/Graphics/cellMap.cpp" />
		<Unit filename="src/odfaeg/Graphics/circleShape.cpp" />
		<Unit filename="src/odfaeg/Graphics/component.cpp" />
		<Unit filename="src/odfaeg/Graphics/convexShape.cpp" />
		<Unit filename="src/odfaeg/Graphics/cpuRenderComponent.cpp" />
		<Unit filename="src/odfaeg/Graphics/entity.cpp" />
		<Unit filename="src/odfaeg/Graphics/fastRenderComponent.cpp" />
		<Unit filename="src/odfaeg/Graphics/fastRenderComponentManager.cpp" />
		<Unit filename="src/odfaeg/Graphics/font.cpp" />
		<Unit filename="src/odfaeg/Graphics/glCheck.cpp" />
		<Unit filename="src/odfaeg/Graphics/glCheck.h" />
		<Unit filename="src/odfaeg/Graphics/gridMap.cpp" />
		<Unit filename="src/odfaeg/Graphics/map.cpp" />
		<Unit filename="src/odfaeg/Graphics/model.cpp" />
		<Unit filename="src/odfaeg/Graphics/projMatrix.cpp" />
		<Unit filename="src/odfaeg/Graphics/rectangleShape.cpp" />
		<Unit filename="src/odfaeg/Graphics/renderStates.cpp" />
		<Unit filename="src/odfaeg/Graphics/renderTarget.cpp" />
		<Unit filename="src/odfaeg/Graphics/renderTexture.cpp" />
		<Unit filename="src/odfaeg/Graphics/renderTextureImpl.cpp" />
		<Unit filename="src/odfaeg/Graphics/renderTextureImpl.h" />
		<Unit filename="src/odfaeg/Graphics/renderTextureImplDefault.cpp" />
		<Unit filename="src/odfaeg/Graphics/renderTextureImplDefault.h" />
		<Unit filename="src/odfaeg/Graphics/renderTextureImplFBO.cpp" />
		<Unit filename="src/odfaeg/Graphics/renderTextureImplFBO.h" />
		<Unit filename="src/odfaeg/Graphics/renderWindow.cpp" />
		<Unit filename="src/odfaeg/Graphics/sdlRenderWindow.cpp" />
		<Unit filename="src/odfaeg/Graphics/shader.cpp" />
		<Unit filename="src/odfaeg/Graphics/shadow.cpp" />
		<Unit filename="src/odfaeg/Graphics/shape.cpp" />
		<Unit filename="src/odfaeg/Graphics/sprite.cpp" />
		<Unit filename="src/odfaeg/Graphics/tGround.cpp" />
		<Unit filename="src/odfaeg/Graphics/text.cpp" />
		<Unit filename="src/odfaeg/Graphics/texture.cpp" />
		<Unit filename="src/odfaeg/Graphics/textureSaver.cpp" />
		<Unit filename="src/odfaeg/Graphics/textureSaver.h" />
		<Unit filename="src/odfaeg/Graphics/tile.cpp" />
		<Unit filename="src/odfaeg/Graphics/transformMatrix.cpp" />
		<Unit filename="src/odfaeg/Graphics/vbo.cpp" />
		<Unit filename="src/odfaeg/Graphics/vertex.cpp" />
		<Unit filename="src/odfaeg/Graphics/vertexArray.cpp" />
		<Unit filename="src/odfaeg/Graphics/view.cpp" />
		<Unit filename="src/odfaeg/Graphics/viewMatrix.cpp" />
		<Unit filename="src/odfaeg/Graphics/viewport.cpp" />
		<Unit filename="src/odfaeg/Graphics/world.cpp" />
		<Unit filename="src/odfaeg/Math/Segment.cpp" />
		<Unit filename="src/odfaeg/Math/computer.cpp" />
		<Unit filename="src/odfaeg/Math/distribution.cpp" />
		<Unit filename="src/odfaeg/Math/maths.cpp" />
		<Unit filename="src/odfaeg/Math/matrix2.cpp" />
		<Unit filename="src/odfaeg/Math/matrix3.cpp" />
		<Unit filename="src/odfaeg/Math/matrix4.cpp" />
		<Unit filename="src/odfaeg/Math/ray.cpp" />
		<Unit filename="src/odfaeg/Math/vec2.cpp" />
		<Unit filename="src/odfaeg/Math/vec4.cpp" />
		<Unit filename="src/odfaeg/Math/viewMatrix.cpp" />
		<Unit filename="src/odfaeg/Network/aes.cpp" />
		<Unit filename="src/odfaeg/Network/bigInt.cpp" />
		<Unit filename="src/odfaeg/Network/client.cpp" />
		<Unit filename="src/odfaeg/Network/encryptedPacket.cpp" />
		<Unit filename="src/odfaeg/Network/network.cpp" />
		<Unit filename="src/odfaeg/Network/rsa.cpp" />
		<Unit filename="src/odfaeg/Network/srkserveur.cpp" />
		<Unit filename="src/odfaeg/Network/symEncPacket.cpp" />
		<Unit filename="src/odfaeg/Network/user.cpp" />
		<Unit filename="src/odfaeg/Physics/affector.cpp" />
		<Unit filename="src/odfaeg/Physics/boundingBox.cpp" />
		<Unit filename="src/odfaeg/Physics/boundingEllipsoid.cpp" />
		<Unit filename="src/odfaeg/Physics/boundingPolyhedron.cpp" />
		<Unit filename="src/odfaeg/Physics/boundingSphere.cpp" />
		<Unit filename="src/odfaeg/Physics/boundingVolume.cpp" />
		<Unit filename="src/odfaeg/Physics/collisionResultSet.cpp" />
		<Unit filename="src/odfaeg/Physics/emitter.cpp" />
		<Unit filename="src/odfaeg/Physics/orientedBoundingBox.cpp" />
		<Unit filename="src/odfaeg/Physics/particle.cpp" />
		<Unit filename="src/odfaeg/Physics/particleSystem.cpp" />
		<Unit filename="src/odfaeg/Window/GlContext.hpp" />
		<Unit filename="src/odfaeg/Window/InputImpl.hpp" />
		<Unit filename="src/odfaeg/Window/JoystickImpl.hpp" />
		<Unit filename="src/odfaeg/Window/JoystickManager.hpp" />
		<Unit filename="src/odfaeg/Window/Linux/Display.hpp" />
		<Unit filename="src/odfaeg/Window/Linux/GlxContext.hpp" />
		<Unit filename="src/odfaeg/Window/Linux/InputImpl.hpp" />
		<Unit filename="src/odfaeg/Window/Linux/JoystickImpl.hpp" />
		<Unit filename="src/odfaeg/Window/Linux/WindowImplX11.hpp" />
		<Unit filename="src/odfaeg/Window/VideoModeImpl.hpp" />
		<Unit filename="src/odfaeg/Window/Win32/InputImpl.hpp" />
		<Unit filename="src/odfaeg/Window/Win32/JoystickImpl.hpp" />
		<Unit filename="src/odfaeg/Window/Win32/WglContext.hpp" />
		<Unit filename="src/odfaeg/Window/Win32/WindowImplWin32.hpp" />
		<Unit filename="src/odfaeg/Window/WindowImpl.hpp" />
		<Unit filename="src/odfaeg/Window/sdlWindow.cpp" />
		<Unit filename="src/odfaeg/Window/sdlWindowImpl.cpp" />
		<Unit filename="src/odfaeg/Window/sfmlWindowImpl.cpp" />
		<Unit filename="src/odfaeg/Window/x11Window.cpp" />
		<Extensions>
			<code_completion />
			<envvars />
			<debugger />
		</Extensions>
	</Project>
</CodeBlocks_project_file>
