<?xml version="1.0" encoding="UTF-8" standalone="yes" ?>
<CodeBlocks_project_file>
	<FileVersion major="1" minor="6" />
	<Project>
		<Option title="ODFAEG-3DDEMO" />
		<Option pch_mode="2" />
		<Option compiler="gcc" />
		<Build>
			<Target title="Debug">
				<Option output="bin/Debug/ODFAEG-3DDEMO" prefix_auto="1" extension_auto="1" />
				<Option object_output="obj/Debug/" />
				<Option type="1" />
				<Option compiler="gcc" />
				<Compiler>
					<Add option="-pg" />
					<Add option="-g" />
					<Add option="-std=c++14" />
					<Add directory="../../../../../usr/local/include/odfaeg" />
				</Compiler>
				<Linker>
					<Add option="-pg" />
				</Linker>
			</Target>
			<Target title="Release">
				<Option output="bin/Release/ODFAEG-3DDEMO" prefix_auto="1" extension_auto="1" />
				<Option object_output="obj/Release/" />
				<Option type="1" />
				<Option compiler="gcc" />
				<Compiler>
					<Add option="-O2" />
				</Compiler>
				<Linker>
					<Add option="-s" />
				</Linker>
			</Target>
		</Build>
		<Compiler>
			<Add option="-Wall" />
			<Add option="-std=c++14" />
		</Compiler>
		<Linker>
			<Add library="../../../../../usr/local/lib/libodfaeg-network-s.a" />
			<Add library="../../../../../usr/local/lib/libodfaeg-audio-s.a" />
			<Add library="../../../../../usr/local/lib/libodfaeg-graphics-s.a" />
			<Add library="../../../../../usr/local/lib/libodfaeg-physics-s.a" />
			<Add library="../../../../../usr/local/lib/libodfaeg-math-s.a" />
			<Add library="../../../../../usr/local/lib/libodfaeg-core-s.a" />
			<Add library="../../../../../usr/local/lib/libsfml-network.so" />
			<Add library="../../../../../usr/local/lib/libsfml-audio.so" />
			<Add library="../../../../../usr/local/lib/libsfml-graphics.so" />
			<Add library="../../../../../usr/local/lib/libsfml-window.so" />
			<Add library="../../../../../usr/local/lib/libsfml-system.so" />
			<Add library="GL" />
			<Add library="ssl" />
			<Add library="crypto" />
			<Add library="../../../../../usr/lib/x86_64-linux-gnu/libpthread.so" />
			<Add library="../../../../../usr/lib/x86_64-linux-gnu/libGLEW.a" />
		</Linker>
		<Unit filename="../ODFAEG/include/odfaeg/Physics/collisionResultSet.hpp" />
		<Unit filename="application.cpp" />
		<Unit filename="application.h" />
		<Unit filename="main.cpp" />
		<Extensions>
			<envvars />
			<code_completion />
			<debugger />
			<lib_finder disable_auto="1" />
		</Extensions>
	</Project>
</CodeBlocks_project_file>
